
Microsoft Visual Studio Solution File, Format Version 12.00
# Visual Studio 15
VisualStudioVersion = 15.0.28307.1000
MinimumVisualStudioVersion = 10.0.40219.1
Project("{FAE04EC0-301F-11D3-BF4B-00C04F79EFBC}") = "INYTWebsite", "INYTWebsite\INYTWebsite.csproj", "{D1798F30-808A-4922-991C-CB9C4115C5DF}"
EndProject
Global
	GlobalSection(SolutionConfigurationPlatforms) = preSolution
		Debug|Any CPU = Debug|Any CPU
		Release|Any CPU = Release|Any CPU
	EndGlobalSection
	GlobalSection(ProjectConfigurationPlatforms) = postSolution
		{D1798F30-808A-4922-991C-CB9C4115C5DF}.Debug|Any CPU.ActiveCfg = Debug|Any CPU
		{D1798F30-808A-4922-991C-CB9C4115C5DF}.Debug|Any CPU.Build.0 = Debug|Any CPU
		{D1798F30-808A-4922-991C-CB9C4115C5DF}.Release|Any CPU.ActiveCfg = Release|Any CPU
		{D1798F30-808A-4922-991C-CB9C4115C5DF}.Release|Any CPU.Build.0 = Release|Any CPU
	EndGlobalSection
	GlobalSection(SolutionProperties) = preSolution
		HideSolutionNode = FALSE
	EndGlobalSection
	GlobalSection(ExtensibilityGlobals) = postSolution
		SolutionGuid = {787CC42B-2084-45E4-A253-ECDEC938CD84}
	EndGlobalSection
EndGlobal
